PODS:
  - Abstract (1.0.2):
    - Alamofire
  - Alamofire (5.4.4)
  - CryptoSwift (1.4.2)
  - Realm (10.17.0):
    - Realm/Headers (= 10.17.0)
  - Realm/Headers (10.17.0)
  - RealmSwift (10.17.0):
    - Realm (= 10.17.0)
  - Resolver (1.5.0)
  - SDWebImage (5.12.1):
    - SDWebImage/Core (= 5.12.1)
  - SDWebImage/Core (5.12.1)
  - SDWebImageSwiftUI (2.0.2):
    - SDWebImage (~> 5.10)
  - SwiftLint (0.45.0)

DEPENDENCIES:
  - Abstract
  - Alamofire
  - CryptoSwift
  - RealmSwift (~> 10)
  - Resolver
  - SDWebImage
  - SDWebImageSwiftUI
  - SwiftLint

SPEC REPOS:
  https://github.com/egiwibowo13/imovie-abstract-spec:
    - Abstract
  trunk:
    - Alamofire
    - CryptoSwift
    - Realm
    - RealmSwift
    - Resolver
    - SDWebImage
    - SDWebImageSwiftUI
    - SwiftLint

SPEC CHECKSUMS:
  Abstract: 18e68f3ecb8f6cee4e5efc88af47b77543541862
  Alamofire: f3b09a368f1582ab751b3fff5460276e0d2cf5c9
  CryptoSwift: a532e74ed010f8c95f611d00b8bbae42e9fe7c17
  Realm: 9533276bd76f66aa2fd0d3ffe700c1f6023dcab6
  RealmSwift: 57f5d59aa29852587aad1e861989e7af139894b5
  Resolver: 68984624572763018fd8ec7b8e3e8df0e3b6bba5
  SDWebImage: 4dc3e42d9ec0c1028b960a33ac6b637bb432207b
  SDWebImageSwiftUI: 8a3923c95108312b03a599ec1498754af55a6819
  SwiftLint: e5c7f1fba68eccfc51509d5b2ce1699f5502e0c7

PODFILE CHECKSUM: f6d9c63ba96a7e71047b9328ae538a7f4e9483ea

COCOAPODS: 1.10.1
