// !$*UTF8*$!
{
	archiveVersion = 1;
	classes = {
	};
	objectVersion = 50;
	objects = {

/* Begin PBXBuildFile section */
		50F58FF4277DC10C00081BCB /* Dev.framework in Frameworks */ = {isa = PBXBuildFile; fileRef = 50F58FEA277DC10C00081BCB /* Dev.framework */; };
		50F58FF9277DC10C00081BCB /* DevTests.swift in Sources */ = {isa = PBXBuildFile; fileRef = 50F58FF8277DC10C00081BCB /* DevTests.swift */; };
		50F58FFB277DC10C00081BCB /* Dev.h in Headers */ = {isa = PBXBuildFile; fileRef = 50F58FED277DC10C00081BCB /* Dev.h */; settings = {ATTRIBUTES = (Public, ); }; };
		50F59008277DC14800081BCB /* DevResponse.swift in Sources */ = {isa = PBXBuildFile; fileRef = 50F59007277DC14800081BCB /* DevResponse.swift */; };
		50F5900C277DC15B00081BCB /* BaseViewModel.swift in Sources */ = {isa = PBXBuildFile; fileRef = 50F5900B277DC15B00081BCB /* BaseViewModel.swift */; };
		50F59010277DC7FD00081BCB /* BaseScreen.swift in Sources */ = {isa = PBXBuildFile; fileRef = 50F5900F277DC7FD00081BCB /* BaseScreen.swift */; };
		50F59014277DCA2900081BCB /* SwiftUIView.swift in Sources */ = {isa = PBXBuildFile; fileRef = 50F59013277DCA2900081BCB /* SwiftUIView.swift */; };
/* End PBXBuildFile section */

/* Begin PBXContainerItemProxy section */
		50F58FF5277DC10C00081BCB /* PBXContainerItemProxy */ = {
			isa = PBXContainerItemProxy;
			containerPortal = 50F58FE1277DC10C00081BCB /* Project object */;
			proxyType = 1;
			remoteGlobalIDString = 50F58FE9277DC10C00081BCB;
			remoteInfo = Dev;
		};
/* End PBXContainerItemProxy section */

/* Begin PBXFileReference section */
		50F58FEA277DC10C00081BCB /* Dev.framework */ = {isa = PBXFileReference; explicitFileType = wrapper.framework; includeInIndex = 0; path = Dev.framework; sourceTree = BUILT_PRODUCTS_DIR; };
		50F58FED277DC10C00081BCB /* Dev.h */ = {isa = PBXFileReference; lastKnownFileType = sourcecode.c.h; path = Dev.h; sourceTree = "<group>"; };
		50F58FEE277DC10C00081BCB /* Info.plist */ = {isa = PBXFileReference; lastKnownFileType = text.plist.xml; path = Info.plist; sourceTree = "<group>"; };
		50F58FF3277DC10C00081BCB /* DevTests.xctest */ = {isa = PBXFileReference; explicitFileType = wrapper.cfbundle; includeInIndex = 0; path = DevTests.xctest; sourceTree = BUILT_PRODUCTS_DIR; };
		50F58FF8277DC10C00081BCB /* DevTests.swift */ = {isa = PBXFileReference; lastKnownFileType = sourcecode.swift; path = DevTests.swift; sourceTree = "<group>"; };
		50F58FFA277DC10C00081BCB /* Info.plist */ = {isa = PBXFileReference; lastKnownFileType = text.plist.xml; path = Info.plist; sourceTree = "<group>"; };
		50F59007277DC14800081BCB /* DevResponse.swift */ = {isa = PBXFileReference; lastKnownFileType = sourcecode.swift; path = DevResponse.swift; sourceTree = "<group>"; };
		50F5900B277DC15B00081BCB /* BaseViewModel.swift */ = {isa = PBXFileReference; lastKnownFileType = sourcecode.swift; path = BaseViewModel.swift; sourceTree = "<group>"; };
		50F5900F277DC7FD00081BCB /* BaseScreen.swift */ = {isa = PBXFileReference; lastKnownFileType = sourcecode.swift; path = BaseScreen.swift; sourceTree = "<group>"; };
		50F59013277DCA2900081BCB /* SwiftUIView.swift */ = {isa = PBXFileReference; lastKnownFileType = sourcecode.swift; path = SwiftUIView.swift; sourceTree = "<group>"; };
/* End PBXFileReference section */

/* Begin PBXFrameworksBuildPhase section */
		50F58FE7277DC10C00081BCB /* Frameworks */ = {
			isa = PBXFrameworksBuildPhase;
			buildActionMask = 2147483647;
			files = (
			);
			runOnlyForDeploymentPostprocessing = 0;
		};
		50F58FF0277DC10C00081BCB /* Frameworks */ = {
			isa = PBXFrameworksBuildPhase;
			buildActionMask = 2147483647;
			files = (
				50F58FF4277DC10C00081BCB /* Dev.framework in Frameworks */,
			);
			runOnlyForDeploymentPostprocessing = 0;
		};
/* End PBXFrameworksBuildPhase section */

/* Begin PBXGroup section */
		50F58FE0277DC10C00081BCB = {
			isa = PBXGroup;
			children = (
				50F58FEC277DC10C00081BCB /* Dev */,
				50F58FF7277DC10C00081BCB /* DevTests */,
				50F58FEB277DC10C00081BCB /* Products */,
			);
			sourceTree = "<group>";
		};
		50F58FEB277DC10C00081BCB /* Products */ = {
			isa = PBXGroup;
			children = (
				50F58FEA277DC10C00081BCB /* Dev.framework */,
				50F58FF3277DC10C00081BCB /* DevTests.xctest */,
			);
			name = Products;
			sourceTree = "<group>";
		};
		50F58FEC277DC10C00081BCB /* Dev */ = {
			isa = PBXGroup;
			children = (
				50F59006277DC12A00081BCB /* Abstraction */,
				50F58FED277DC10C00081BCB /* Dev.h */,
				50F58FEE277DC10C00081BCB /* Info.plist */,
			);
			path = Dev;
			sourceTree = "<group>";
		};
		50F58FF7277DC10C00081BCB /* DevTests */ = {
			isa = PBXGroup;
			children = (
				50F58FF8277DC10C00081BCB /* DevTests.swift */,
				50F58FFA277DC10C00081BCB /* Info.plist */,
			);
			path = DevTests;
			sourceTree = "<group>";
		};
		50F59006277DC12A00081BCB /* Abstraction */ = {
			isa = PBXGroup;
			children = (
				50F59007277DC14800081BCB /* DevResponse.swift */,
				50F5900B277DC15B00081BCB /* BaseViewModel.swift */,
				50F5900F277DC7FD00081BCB /* BaseScreen.swift */,
				50F59013277DCA2900081BCB /* SwiftUIView.swift */,
			);
			path = Abstraction;
			sourceTree = "<group>";
		};
/* End PBXGroup section */

/* Begin PBXHeadersBuildPhase section */
		50F58FE5277DC10C00081BCB /* Headers */ = {
			isa = PBXHeadersBuildPhase;
			buildActionMask = 2147483647;
			files = (
				50F58FFB277DC10C00081BCB /* Dev.h in Headers */,
			);
			runOnlyForDeploymentPostprocessing = 0;
		};
/* End PBXHeadersBuildPhase section */

/* Begin PBXNativeTarget section */
		50F58FE9277DC10C00081BCB /* Dev */ = {
			isa = PBXNativeTarget;
			buildConfigurationList = 50F58FFE277DC10C00081BCB /* Build configuration list for PBXNativeTarget "Dev" */;
			buildPhases = (
				50F58FE5277DC10C00081BCB /* Headers */,
				50F58FE6277DC10C00081BCB /* Sources */,
				50F58FE7277DC10C00081BCB /* Frameworks */,
				50F58FE8277DC10C00081BCB /* Resources */,
			);
			buildRules = (
			);
			dependencies = (
			);
			name = Dev;
			productName = Dev;
			productReference = 50F58FEA277DC10C00081BCB /* Dev.framework */;
			productType = "com.apple.product-type.framework";
		};
		50F58FF2277DC10C00081BCB /* DevTests */ = {
			isa = PBXNativeTarget;
			buildConfigurationList = 50F59001277DC10C00081BCB /* Build configuration list for PBXNativeTarget "DevTests" */;
			buildPhases = (
				50F58FEF277DC10C00081BCB /* Sources */,
				50F58FF0277DC10C00081BCB /* Frameworks */,
				50F58FF1277DC10C00081BCB /* Resources */,
			);
			buildRules = (
			);
			dependencies = (
				50F58FF6277DC10C00081BCB /* PBXTargetDependency */,
			);
			name = DevTests;
			productName = DevTests;
			productReference = 50F58FF3277DC10C00081BCB /* DevTests.xctest */;
			productType = "com.apple.product-type.bundle.unit-test";
		};
/* End PBXNativeTarget section */

/* Begin PBXProject section */
		50F58FE1277DC10C00081BCB /* Project object */ = {
			isa = PBXProject;
			attributes = {
				LastSwiftUpdateCheck = 1200;
				LastUpgradeCheck = 1200;
				TargetAttributes = {
					50F58FE9277DC10C00081BCB = {
						CreatedOnToolsVersion = 12.0.1;
						LastSwiftMigration = 1200;
					};
					50F58FF2277DC10C00081BCB = {
						CreatedOnToolsVersion = 12.0.1;
					};
				};
			};
			buildConfigurationList = 50F58FE4277DC10C00081BCB /* Build configuration list for PBXProject "Dev" */;
			compatibilityVersion = "Xcode 9.3";
			developmentRegion = en;
			hasScannedForEncodings = 0;
			knownRegions = (
				en,
				Base,
			);
			mainGroup = 50F58FE0277DC10C00081BCB;
			productRefGroup = 50F58FEB277DC10C00081BCB /* Products */;
			projectDirPath = "";
			projectRoot = "";
			targets = (
				50F58FE9277DC10C00081BCB /* Dev */,
				50F58FF2277DC10C00081BCB /* DevTests */,
			);
		};
/* End PBXProject section */

/* Begin PBXResourcesBuildPhase section */
		50F58FE8277DC10C00081BCB /* Resources */ = {
			isa = PBXResourcesBuildPhase;
			buildActionMask = 2147483647;
			files = (
			);
			runOnlyForDeploymentPostprocessing = 0;
		};
		50F58FF1277DC10C00081BCB /* Resources */ = {
			isa = PBXResourcesBuildPhase;
			buildActionMask = 2147483647;
			files = (
			);
			runOnlyForDeploymentPostprocessing = 0;
		};
/* End PBXResourcesBuildPhase section */

/* Begin PBXSourcesBuildPhase section */
		50F58FE6277DC10C00081BCB /* Sources */ = {
			isa = PBXSourcesBuildPhase;
			buildActionMask = 2147483647;
			files = (
				50F59008277DC14800081BCB /* DevResponse.swift in Sources */,
				50F5900C277DC15B00081BCB /* BaseViewModel.swift in Sources */,
				50F59014277DCA2900081BCB /* SwiftUIView.swift in Sources */,
				50F59010277DC7FD00081BCB /* BaseScreen.swift in Sources */,
			);
			runOnlyForDeploymentPostprocessing = 0;
		};
		50F58FEF277DC10C00081BCB /* Sources */ = {
			isa = PBXSourcesBuildPhase;
			buildActionMask = 2147483647;
			files = (
				50F58FF9277DC10C00081BCB /* DevTests.swift in Sources */,
			);
			runOnlyForDeploymentPostprocessing = 0;
		};
/* End PBXSourcesBuildPhase section */

/* Begin PBXTargetDependency section */
		50F58FF6277DC10C00081BCB /* PBXTargetDependency */ = {
			isa = PBXTargetDependency;
			target = 50F58FE9277DC10C00081BCB /* Dev */;
			targetProxy = 50F58FF5277DC10C00081BCB /* PBXContainerItemProxy */;
		};
/* End PBXTargetDependency section */

/* Begin XCBuildConfiguration section */
		50F58FFC277DC10C00081BCB /* Debug */ = {
			isa = XCBuildConfiguration;
			buildSettings = {
				ALWAYS_SEARCH_USER_PATHS = NO;
				CLANG_ANALYZER_NONNULL = YES;
				CLANG_ANALYZER_NUMBER_OBJECT_CONVERSION = YES_AGGRESSIVE;
				CLANG_CXX_LANGUAGE_STANDARD = "gnu++14";
				CLANG_CXX_LIBRARY = "libc++";
				CLANG_ENABLE_MODULES = YES;
				CLANG_ENABLE_OBJC_ARC = YES;
				CLANG_ENABLE_OBJC_WEAK = YES;
				CLANG_WARN_BLOCK_CAPTURE_AUTORELEASING = YES;
				CLANG_WARN_BOOL_CONVERSION = YES;
				CLANG_WARN_COMMA = YES;
				CLANG_WARN_CONSTANT_CONVERSION = YES;
				CLANG_WARN_DEPRECATED_OBJC_IMPLEMENTATIONS = YES;
				CLANG_WARN_DIRECT_OBJC_ISA_USAGE = YES_ERROR;
				CLANG_WARN_DOCUMENTATION_COMMENTS = YES;
				CLANG_WARN_EMPTY_BODY = YES;
				CLANG_WARN_ENUM_CONVERSION = YES;
				CLANG_WARN_INFINITE_RECURSION = YES;
				CLANG_WARN_INT_CONVERSION = YES;
				CLANG_WARN_NON_LITERAL_NULL_CONVERSION = YES;
				CLANG_WARN_OBJC_IMPLICIT_RETAIN_SELF = YES;
				CLANG_WARN_OBJC_LITERAL_CONVERSION = YES;
				CLANG_WARN_OBJC_ROOT_CLASS = YES_ERROR;
				CLANG_WARN_QUOTED_INCLUDE_IN_FRAMEWORK_HEADER = YES;
				CLANG_WARN_RANGE_LOOP_ANALYSIS = YES;
				CLANG_WARN_STRICT_PROTOTYPES = YES;
				CLANG_WARN_SUSPICIOUS_MOVE = YES;
				CLANG_WARN_UNGUARDED_AVAILABILITY = YES_AGGRESSIVE;
				CLANG_WARN_UNREACHABLE_CODE = YES;
				CLANG_WARN__DUPLICATE_METHOD_MATCH = YES;
				COPY_PHASE_STRIP = NO;
				CURRENT_PROJECT_VERSION = 1;
				DEBUG_INFORMATION_FORMAT = dwarf;
				ENABLE_STRICT_OBJC_MSGSEND = YES;
				ENABLE_TESTABILITY = YES;
				GCC_C_LANGUAGE_STANDARD = gnu11;
				GCC_DYNAMIC_NO_PIC = NO;
				GCC_NO_COMMON_BLOCKS = YES;
				GCC_OPTIMIZATION_LEVEL = 0;
				GCC_PREPROCESSOR_DEFINITIONS = (
					"DEBUG=1",
					"$(inherited)",
				);
				GCC_WARN_64_TO_32_BIT_CONVERSION = YES;
				GCC_WARN_ABOUT_RETURN_TYPE = YES_ERROR;
				GCC_WARN_UNDECLARED_SELECTOR = YES;
				GCC_WARN_UNINITIALIZED_AUTOS = YES_AGGRESSIVE;
				GCC_WARN_UNUSED_FUNCTION = YES;
				GCC_WARN_UNUSED_VARIABLE = YES;
				IPHONEOS_DEPLOYMENT_TARGET = 14.0;
				MTL_ENABLE_DEBUG_INFO = INCLUDE_SOURCE;
				MTL_FAST_MATH = YES;
				ONLY_ACTIVE_ARCH = YES;
				SDKROOT = iphoneos;
				SWIFT_ACTIVE_COMPILATION_CONDITIONS = DEBUG;
				SWIFT_OPTIMIZATION_LEVEL = "-Onone";
				VERSIONING_SYSTEM = "apple-generic";
				VERSION_INFO_PREFIX = "";
			};
			name = Debug;
		};
		50F58FFD277DC10C00081BCB /* Release */ = {
			isa = XCBuildConfiguration;
			buildSettings = {
				ALWAYS_SEARCH_USER_PATHS = NO;
				CLANG_ANALYZER_NONNULL = YES;
				CLANG_ANALYZER_NUMBER_OBJECT_CONVERSION = YES_AGGRESSIVE;
				CLANG_CXX_LANGUAGE_STANDARD = "gnu++14";
				CLANG_CXX_LIBRARY = "libc++";
				CLANG_ENABLE_MODULES = YES;
				CLANG_ENABLE_OBJC_ARC = YES;
				CLANG_ENABLE_OBJC_WEAK = YES;
				CLANG_WARN_BLOCK_CAPTURE_AUTORELEASING = YES;
				CLANG_WARN_BOOL_CONVERSION = YES;
				CLANG_WARN_COMMA = YES;
				CLANG_WARN_CONSTANT_CONVERSION = YES;
				CLANG_WARN_DEPRECATED_OBJC_IMPLEMENTATIONS = YES;
				CLANG_WARN_DIRECT_OBJC_ISA_USAGE = YES_ERROR;
				CLANG_WARN_DOCUMENTATION_COMMENTS = YES;
				CLANG_WARN_EMPTY_BODY = YES;
				CLANG_WARN_ENUM_CONVERSION = YES;
				CLANG_WARN_INFINITE_RECURSION = YES;
				CLANG_WARN_INT_CONVERSION = YES;
				CLANG_WARN_NON_LITERAL_NULL_CONVERSION = YES;
				CLANG_WARN_OBJC_IMPLICIT_RETAIN_SELF = YES;
				CLANG_WARN_OBJC_LITERAL_CONVERSION = YES;
				CLANG_WARN_OBJC_ROOT_CLASS = YES_ERROR;
				CLANG_WARN_QUOTED_INCLUDE_IN_FRAMEWORK_HEADER = YES;
				CLANG_WARN_RANGE_LOOP_ANALYSIS = YES;
				CLANG_WARN_STRICT_PROTOTYPES = YES;
				CLANG_WARN_SUSPICIOUS_MOVE = YES;
				CLANG_WARN_UNGUARDED_AVAILABILITY = YES_AGGRESSIVE;
				CLANG_WARN_UNREACHABLE_CODE = YES;
				CLANG_WARN__DUPLICATE_METHOD_MATCH = YES;
				COPY_PHASE_STRIP = NO;
				CURRENT_PROJECT_VERSION = 1;
				DEBUG_INFORMATION_FORMAT = "dwarf-with-dsym";
				ENABLE_NS_ASSERTIONS = NO;
				ENABLE_STRICT_OBJC_MSGSEND = YES;
				GCC_C_LANGUAGE_STANDARD = gnu11;
				GCC_NO_COMMON_BLOCKS = YES;
				GCC_WARN_64_TO_32_BIT_CONVERSION = YES;
				GCC_WARN_ABOUT_RETURN_TYPE = YES_ERROR;
				GCC_WARN_UNDECLARED_SELECTOR = YES;
				GCC_WARN_UNINITIALIZED_AUTOS = YES_AGGRESSIVE;
				GCC_WARN_UNUSED_FUNCTION = YES;
				GCC_WARN_UNUSED_VARIABLE = YES;
				IPHONEOS_DEPLOYMENT_TARGET = 14.0;
				MTL_ENABLE_DEBUG_INFO = NO;
				MTL_FAST_MATH = YES;
				SDKROOT = iphoneos;
				SWIFT_COMPILATION_MODE = wholemodule;
				SWIFT_OPTIMIZATION_LEVEL = "-O";
				VALIDATE_PRODUCT = YES;
				VERSIONING_SYSTEM = "apple-generic";
				VERSION_INFO_PREFIX = "";
			};
			name = Release;
		};
		50F58FFF277DC10C00081BCB /* Debug */ = {
			isa = XCBuildConfiguration;
			buildSettings = {
				CLANG_ENABLE_MODULES = YES;
				CODE_SIGN_STYLE = Automatic;
				DEFINES_MODULE = YES;
				DYLIB_COMPATIBILITY_VERSION = 1;
				DYLIB_CURRENT_VERSION = 1;
				DYLIB_INSTALL_NAME_BASE = "@rpath";
				INFOPLIST_FILE = Dev/Info.plist;
				INSTALL_PATH = "$(LOCAL_LIBRARY_DIR)/Frameworks";
				LD_RUNPATH_SEARCH_PATHS = (
					"$(inherited)",
					"@executable_path/Frameworks",
					"@loader_path/Frameworks",
				);
				PRODUCT_BUNDLE_IDENTIFIER = co.id.egiwibowo.Dev;
				PRODUCT_NAME = "$(TARGET_NAME:c99extidentifier)";
				SKIP_INSTALL = YES;
				SWIFT_OPTIMIZATION_LEVEL = "-Onone";
				SWIFT_VERSION = 5.0;
				TARGETED_DEVICE_FAMILY = "1,2";
			};
			name = Debug;
		};
		50F59000277DC10C00081BCB /* Release */ = {
			isa = XCBuildConfiguration;
			buildSettings = {
				CLANG_ENABLE_MODULES = YES;
				CODE_SIGN_STYLE = Automatic;
				DEFINES_MODULE = YES;
				DYLIB_COMPATIBILITY_VERSION = 1;
				DYLIB_CURRENT_VERSION = 1;
				DYLIB_INSTALL_NAME_BASE = "@rpath";
				INFOPLIST_FILE = Dev/Info.plist;
				INSTALL_PATH = "$(LOCAL_LIBRARY_DIR)/Frameworks";
				LD_RUNPATH_SEARCH_PATHS = (
					"$(inherited)",
					"@executable_path/Frameworks",
					"@loader_path/Frameworks",
				);
				PRODUCT_BUNDLE_IDENTIFIER = co.id.egiwibowo.Dev;
				PRODUCT_NAME = "$(TARGET_NAME:c99extidentifier)";
				SKIP_INSTALL = YES;
				SWIFT_VERSION = 5.0;
				TARGETED_DEVICE_FAMILY = "1,2";
			};
			name = Release;
		};
		50F59002277DC10C00081BCB /* Debug */ = {
			isa = XCBuildConfiguration;
			buildSettings = {
				ALWAYS_EMBED_SWIFT_STANDARD_LIBRARIES = YES;
				CODE_SIGN_STYLE = Automatic;
				INFOPLIST_FILE = DevTests/Info.plist;
				LD_RUNPATH_SEARCH_PATHS = (
					"$(inherited)",
					"@executable_path/Frameworks",
					"@loader_path/Frameworks",
				);
				PRODUCT_BUNDLE_IDENTIFIER = co.id.egiwibowo.DevTests;
				PRODUCT_NAME = "$(TARGET_NAME)";
				SWIFT_VERSION = 5.0;
				TARGETED_DEVICE_FAMILY = "1,2";
			};
			name = Debug;
		};
		50F59003277DC10C00081BCB /* Release */ = {
			isa = XCBuildConfiguration;
			buildSettings = {
				ALWAYS_EMBED_SWIFT_STANDARD_LIBRARIES = YES;
				CODE_SIGN_STYLE = Automatic;
				INFOPLIST_FILE = DevTests/Info.plist;
				LD_RUNPATH_SEARCH_PATHS = (
					"$(inherited)",
					"@executable_path/Frameworks",
					"@loader_path/Frameworks",
				);
				PRODUCT_BUNDLE_IDENTIFIER = co.id.egiwibowo.DevTests;
				PRODUCT_NAME = "$(TARGET_NAME)";
				SWIFT_VERSION = 5.0;
				TARGETED_DEVICE_FAMILY = "1,2";
			};
			name = Release;
		};
/* End XCBuildConfiguration section */

/* Begin XCConfigurationList section */
		50F58FE4277DC10C00081BCB /* Build configuration list for PBXProject "Dev" */ = {
			isa = XCConfigurationList;
			buildConfigurations = (
				50F58FFC277DC10C00081BCB /* Debug */,
				50F58FFD277DC10C00081BCB /* Release */,
			);
			defaultConfigurationIsVisible = 0;
			defaultConfigurationName = Release;
		};
		50F58FFE277DC10C00081BCB /* Build configuration list for PBXNativeTarget "Dev" */ = {
			isa = XCConfigurationList;
			buildConfigurations = (
				50F58FFF277DC10C00081BCB /* Debug */,
				50F59000277DC10C00081BCB /* Release */,
			);
			defaultConfigurationIsVisible = 0;
			defaultConfigurationName = Release;
		};
		50F59001277DC10C00081BCB /* Build configuration list for PBXNativeTarget "DevTests" */ = {
			isa = XCConfigurationList;
			buildConfigurations = (
				50F59002277DC10C00081BCB /* Debug */,
				50F59003277DC10C00081BCB /* Release */,
			);
			defaultConfigurationIsVisible = 0;
			defaultConfigurationName = Release;
		};
/* End XCConfigurationList section */
	};
	rootObject = 50F58FE1277DC10C00081BCB /* Project object */;
}
