// !$*UTF8*$!
{
	archiveVersion = 1;
	classes = {
	};
	objectVersion = 50;
	objects = {

/* Begin PBXBuildFile section */
		01A9942A3B4AD253F2A46944 /* libPods-Core.a in Frameworks */ = {isa = PBXBuildFile; fileRef = BA7589F2CAFB0BE0753AF8B7 /* libPods-Core.a */; };
		501A523826F863E5001D954B /* Core.h in Headers */ = {isa = PBXBuildFile; fileRef = 501A523626F863E5001D954B /* Core.h */; settings = {ATTRIBUTES = (Public, ); }; };
		5024B2DC2711D2B100AACB9C /* Injector.swift in Sources */ = {isa = PBXBuildFile; fileRef = 5024B2DB2711D2B100AACB9C /* Injector.swift */; };
		5071DB122713DDBF008DE7C5 /* ResultExt.swift in Sources */ = {isa = PBXBuildFile; fileRef = 5071DB112713DDBF008DE7C5 /* ResultExt.swift */; };
		5078E2C8270FCDEE00861F9F /* RealmDataSource.swift in Sources */ = {isa = PBXBuildFile; fileRef = 5078E2C7270FCDEE00861F9F /* RealmDataSource.swift */; };
		5078E337270FD49C00861F9F /* MovieDB.swift in Sources */ = {isa = PBXBuildFile; fileRef = 5078E336270FD49C00861F9F /* MovieDB.swift */; };
/* End PBXBuildFile section */

/* Begin PBXFileReference section */
		18C47143D844D19C023C0A3D /* Pods-Core.debug.xcconfig */ = {isa = PBXFileReference; includeInIndex = 1; lastKnownFileType = text.xcconfig; name = "Pods-Core.debug.xcconfig"; path = "Target Support Files/Pods-Core/Pods-Core.debug.xcconfig"; sourceTree = "<group>"; };
		4CA08D05BCDF0A001CFE5AB0 /* Pods-Core.release.xcconfig */ = {isa = PBXFileReference; includeInIndex = 1; lastKnownFileType = text.xcconfig; name = "Pods-Core.release.xcconfig"; path = "Target Support Files/Pods-Core/Pods-Core.release.xcconfig"; sourceTree = "<group>"; };
		501A523326F863E5001D954B /* Core.framework */ = {isa = PBXFileReference; explicitFileType = wrapper.framework; includeInIndex = 0; path = Core.framework; sourceTree = BUILT_PRODUCTS_DIR; };
		501A523626F863E5001D954B /* Core.h */ = {isa = PBXFileReference; lastKnownFileType = sourcecode.c.h; path = Core.h; sourceTree = "<group>"; };
		501A523726F863E5001D954B /* Info.plist */ = {isa = PBXFileReference; lastKnownFileType = text.plist.xml; path = Info.plist; sourceTree = "<group>"; };
		5024B2DB2711D2B100AACB9C /* Injector.swift */ = {isa = PBXFileReference; lastKnownFileType = sourcecode.swift; path = Injector.swift; sourceTree = "<group>"; };
		5071DB112713DDBF008DE7C5 /* ResultExt.swift */ = {isa = PBXFileReference; lastKnownFileType = sourcecode.swift; path = ResultExt.swift; sourceTree = "<group>"; };
		5078E2C7270FCDEE00861F9F /* RealmDataSource.swift */ = {isa = PBXFileReference; lastKnownFileType = sourcecode.swift; path = RealmDataSource.swift; sourceTree = "<group>"; };
		5078E336270FD49C00861F9F /* MovieDB.swift */ = {isa = PBXFileReference; lastKnownFileType = sourcecode.swift; path = MovieDB.swift; sourceTree = "<group>"; };
		6D7C6E5E13C8A80E95DEE389 /* Pods-imovie-Core.debug.xcconfig */ = {isa = PBXFileReference; includeInIndex = 1; lastKnownFileType = text.xcconfig; name = "Pods-imovie-Core.debug.xcconfig"; path = "Target Support Files/Pods-imovie-Core/Pods-imovie-Core.debug.xcconfig"; sourceTree = "<group>"; };
		756BAB7CE643F75F76353289 /* Pods-imovie-Core.release.xcconfig */ = {isa = PBXFileReference; includeInIndex = 1; lastKnownFileType = text.xcconfig; name = "Pods-imovie-Core.release.xcconfig"; path = "Target Support Files/Pods-imovie-Core/Pods-imovie-Core.release.xcconfig"; sourceTree = "<group>"; };
		BA7589F2CAFB0BE0753AF8B7 /* libPods-Core.a */ = {isa = PBXFileReference; explicitFileType = archive.ar; includeInIndex = 0; path = "libPods-Core.a"; sourceTree = BUILT_PRODUCTS_DIR; };
/* End PBXFileReference section */

/* Begin PBXFrameworksBuildPhase section */
		501A523026F863E5001D954B /* Frameworks */ = {
			isa = PBXFrameworksBuildPhase;
			buildActionMask = 2147483647;
			files = (
				01A9942A3B4AD253F2A46944 /* libPods-Core.a in Frameworks */,
			);
			runOnlyForDeploymentPostprocessing = 0;
		};
/* End PBXFrameworksBuildPhase section */

/* Begin PBXGroup section */
		501A522926F863E5001D954B = {
			isa = PBXGroup;
			children = (
				501A523526F863E5001D954B /* Core */,
				501A523426F863E5001D954B /* Products */,
				D37DEE4D48BD24AB9B2ECBD5 /* Pods */,
				8BEFA512DBB045B92BD97F4F /* Frameworks */,
			);
			sourceTree = "<group>";
		};
		501A523426F863E5001D954B /* Products */ = {
			isa = PBXGroup;
			children = (
				501A523326F863E5001D954B /* Core.framework */,
			);
			name = Products;
			sourceTree = "<group>";
		};
		501A523526F863E5001D954B /* Core */ = {
			isa = PBXGroup;
			children = (
				5024B2DA2711D2A600AACB9C /* DI */,
				5052E08B27092DDB0090DF90 /* Data */,
				501A528526F86C4F001D954B /* Extension */,
				501A523626F863E5001D954B /* Core.h */,
				501A523726F863E5001D954B /* Info.plist */,
			);
			path = Core;
			sourceTree = "<group>";
		};
		501A528526F86C4F001D954B /* Extension */ = {
			isa = PBXGroup;
			children = (
				5071DB112713DDBF008DE7C5 /* ResultExt.swift */,
			);
			path = Extension;
			sourceTree = "<group>";
		};
		5024B2DA2711D2A600AACB9C /* DI */ = {
			isa = PBXGroup;
			children = (
				5024B2DB2711D2B100AACB9C /* Injector.swift */,
			);
			path = DI;
			sourceTree = "<group>";
		};
		5052E08B27092DDB0090DF90 /* Data */ = {
			isa = PBXGroup;
			children = (
				5078E2C6270FCDD200861F9F /* Realm */,
			);
			path = Data;
			sourceTree = "<group>";
		};
		5078E2C6270FCDD200861F9F /* Realm */ = {
			isa = PBXGroup;
			children = (
				5078E2F5270FCFFD00861F9F /* RealmEntities */,
				5078E2C7270FCDEE00861F9F /* RealmDataSource.swift */,
			);
			path = Realm;
			sourceTree = "<group>";
		};
		5078E2F5270FCFFD00861F9F /* RealmEntities */ = {
			isa = PBXGroup;
			children = (
				5078E336270FD49C00861F9F /* MovieDB.swift */,
			);
			path = RealmEntities;
			sourceTree = "<group>";
		};
		8BEFA512DBB045B92BD97F4F /* Frameworks */ = {
			isa = PBXGroup;
			children = (
				BA7589F2CAFB0BE0753AF8B7 /* libPods-Core.a */,
			);
			name = Frameworks;
			sourceTree = "<group>";
		};
		D37DEE4D48BD24AB9B2ECBD5 /* Pods */ = {
			isa = PBXGroup;
			children = (
				18C47143D844D19C023C0A3D /* Pods-Core.debug.xcconfig */,
				4CA08D05BCDF0A001CFE5AB0 /* Pods-Core.release.xcconfig */,
				6D7C6E5E13C8A80E95DEE389 /* Pods-imovie-Core.debug.xcconfig */,
				756BAB7CE643F75F76353289 /* Pods-imovie-Core.release.xcconfig */,
			);
			name = Pods;
			path = ../../Pods;
			sourceTree = "<group>";
		};
/* End PBXGroup section */

/* Begin PBXHeadersBuildPhase section */
		501A522E26F863E5001D954B /* Headers */ = {
			isa = PBXHeadersBuildPhase;
			buildActionMask = 2147483647;
			files = (
				501A523826F863E5001D954B /* Core.h in Headers */,
			);
			runOnlyForDeploymentPostprocessing = 0;
		};
/* End PBXHeadersBuildPhase section */

/* Begin PBXNativeTarget section */
		501A523226F863E5001D954B /* Core */ = {
			isa = PBXNativeTarget;
			buildConfigurationList = 501A523B26F863E5001D954B /* Build configuration list for PBXNativeTarget "Core" */;
			buildPhases = (
				C6C66822278FFF5D62616769 /* [CP] Check Pods Manifest.lock */,
				501A522E26F863E5001D954B /* Headers */,
				501A522F26F863E5001D954B /* Sources */,
				501A523026F863E5001D954B /* Frameworks */,
				501A523126F863E5001D954B /* Resources */,
			);
			buildRules = (
			);
			dependencies = (
			);
			name = Core;
			productName = Core;
			productReference = 501A523326F863E5001D954B /* Core.framework */;
			productType = "com.apple.product-type.framework";
		};
/* End PBXNativeTarget section */

/* Begin PBXProject section */
		501A522A26F863E5001D954B /* Project object */ = {
			isa = PBXProject;
			attributes = {
				LastUpgradeCheck = 1200;
				TargetAttributes = {
					501A523226F863E5001D954B = {
						CreatedOnToolsVersion = 12.0.1;
						LastSwiftMigration = 1200;
					};
				};
			};
			buildConfigurationList = 501A522D26F863E5001D954B /* Build configuration list for PBXProject "Core" */;
			compatibilityVersion = "Xcode 9.3";
			developmentRegion = en;
			hasScannedForEncodings = 0;
			knownRegions = (
				en,
				Base,
			);
			mainGroup = 501A522926F863E5001D954B;
			productRefGroup = 501A523426F863E5001D954B /* Products */;
			projectDirPath = "";
			projectRoot = "";
			targets = (
				501A523226F863E5001D954B /* Core */,
			);
		};
/* End PBXProject section */

/* Begin PBXResourcesBuildPhase section */
		501A523126F863E5001D954B /* Resources */ = {
			isa = PBXResourcesBuildPhase;
			buildActionMask = 2147483647;
			files = (
			);
			runOnlyForDeploymentPostprocessing = 0;
		};
/* End PBXResourcesBuildPhase section */

/* Begin PBXShellScriptBuildPhase section */
		C6C66822278FFF5D62616769 /* [CP] Check Pods Manifest.lock */ = {
			isa = PBXShellScriptBuildPhase;
			buildActionMask = 2147483647;
			files = (
			);
			inputFileListPaths = (
			);
			inputPaths = (
				"${PODS_PODFILE_DIR_PATH}/Podfile.lock",
				"${PODS_ROOT}/Manifest.lock",
			);
			name = "[CP] Check Pods Manifest.lock";
			outputFileListPaths = (
			);
			outputPaths = (
				"$(DERIVED_FILE_DIR)/Pods-Core-checkManifestLockResult.txt",
			);
			runOnlyForDeploymentPostprocessing = 0;
			shellPath = /bin/sh;
			shellScript = "diff \"${PODS_PODFILE_DIR_PATH}/Podfile.lock\" \"${PODS_ROOT}/Manifest.lock\" > /dev/null\nif [ $? != 0 ] ; then\n    # print error to STDERR\n    echo \"error: The sandbox is not in sync with the Podfile.lock. Run 'pod install' or update your CocoaPods installation.\" >&2\n    exit 1\nfi\n# This output is used by Xcode 'outputs' to avoid re-running this script phase.\necho \"SUCCESS\" > \"${SCRIPT_OUTPUT_FILE_0}\"\n";
			showEnvVarsInLog = 0;
		};
/* End PBXShellScriptBuildPhase section */

/* Begin PBXSourcesBuildPhase section */
		501A522F26F863E5001D954B /* Sources */ = {
			isa = PBXSourcesBuildPhase;
			buildActionMask = 2147483647;
			files = (
				5078E2C8270FCDEE00861F9F /* RealmDataSource.swift in Sources */,
				5024B2DC2711D2B100AACB9C /* Injector.swift in Sources */,
				5071DB122713DDBF008DE7C5 /* ResultExt.swift in Sources */,
				5078E337270FD49C00861F9F /* MovieDB.swift in Sources */,
			);
			runOnlyForDeploymentPostprocessing = 0;
		};
/* End PBXSourcesBuildPhase section */

/* Begin XCBuildConfiguration section */
		501A523926F863E5001D954B /* Debug */ = {
			isa = XCBuildConfiguration;
			buildSettings = {
				ALWAYS_SEARCH_USER_PATHS = NO;
				CLANG_ANALYZER_NONNULL = YES;
				CLANG_ANALYZER_NUMBER_OBJECT_CONVERSION = YES_AGGRESSIVE;
				CLANG_CXX_LANGUAGE_STANDARD = "gnu++14";
				CLANG_CXX_LIBRARY = "libc++";
				CLANG_ENABLE_MODULES = YES;
				CLANG_ENABLE_OBJC_ARC = YES;
				CLANG_ENABLE_OBJC_WEAK = YES;
				CLANG_WARN_BLOCK_CAPTURE_AUTORELEASING = YES;
				CLANG_WARN_BOOL_CONVERSION = YES;
				CLANG_WARN_COMMA = YES;
				CLANG_WARN_CONSTANT_CONVERSION = YES;
				CLANG_WARN_DEPRECATED_OBJC_IMPLEMENTATIONS = YES;
				CLANG_WARN_DIRECT_OBJC_ISA_USAGE = YES_ERROR;
				CLANG_WARN_DOCUMENTATION_COMMENTS = YES;
				CLANG_WARN_EMPTY_BODY = YES;
				CLANG_WARN_ENUM_CONVERSION = YES;
				CLANG_WARN_INFINITE_RECURSION = YES;
				CLANG_WARN_INT_CONVERSION = YES;
				CLANG_WARN_NON_LITERAL_NULL_CONVERSION = YES;
				CLANG_WARN_OBJC_IMPLICIT_RETAIN_SELF = YES;
				CLANG_WARN_OBJC_LITERAL_CONVERSION = YES;
				CLANG_WARN_OBJC_ROOT_CLASS = YES_ERROR;
				CLANG_WARN_QUOTED_INCLUDE_IN_FRAMEWORK_HEADER = YES;
				CLANG_WARN_RANGE_LOOP_ANALYSIS = YES;
				CLANG_WARN_STRICT_PROTOTYPES = YES;
				CLANG_WARN_SUSPICIOUS_MOVE = YES;
				CLANG_WARN_UNGUARDED_AVAILABILITY = YES_AGGRESSIVE;
				CLANG_WARN_UNREACHABLE_CODE = YES;
				CLANG_WARN__DUPLICATE_METHOD_MATCH = YES;
				COPY_PHASE_STRIP = NO;
				CURRENT_PROJECT_VERSION = 1;
				DEBUG_INFORMATION_FORMAT = dwarf;
				ENABLE_STRICT_OBJC_MSGSEND = YES;
				ENABLE_TESTABILITY = YES;
				GCC_C_LANGUAGE_STANDARD = gnu11;
				GCC_DYNAMIC_NO_PIC = NO;
				GCC_NO_COMMON_BLOCKS = YES;
				GCC_OPTIMIZATION_LEVEL = 0;
				GCC_PREPROCESSOR_DEFINITIONS = (
					"DEBUG=1",
					"$(inherited)",
				);
				GCC_WARN_64_TO_32_BIT_CONVERSION = YES;
				GCC_WARN_ABOUT_RETURN_TYPE = YES_ERROR;
				GCC_WARN_UNDECLARED_SELECTOR = YES;
				GCC_WARN_UNINITIALIZED_AUTOS = YES_AGGRESSIVE;
				GCC_WARN_UNUSED_FUNCTION = YES;
				GCC_WARN_UNUSED_VARIABLE = YES;
				IPHONEOS_DEPLOYMENT_TARGET = 14.0;
				MTL_ENABLE_DEBUG_INFO = INCLUDE_SOURCE;
				MTL_FAST_MATH = YES;
				ONLY_ACTIVE_ARCH = YES;
				SDKROOT = iphoneos;
				SWIFT_ACTIVE_COMPILATION_CONDITIONS = DEBUG;
				SWIFT_OPTIMIZATION_LEVEL = "-Onone";
				VERSIONING_SYSTEM = "apple-generic";
				VERSION_INFO_PREFIX = "";
			};
			name = Debug;
		};
		501A523A26F863E5001D954B /* Release */ = {
			isa = XCBuildConfiguration;
			buildSettings = {
				ALWAYS_SEARCH_USER_PATHS = NO;
				CLANG_ANALYZER_NONNULL = YES;
				CLANG_ANALYZER_NUMBER_OBJECT_CONVERSION = YES_AGGRESSIVE;
				CLANG_CXX_LANGUAGE_STANDARD = "gnu++14";
				CLANG_CXX_LIBRARY = "libc++";
				CLANG_ENABLE_MODULES = YES;
				CLANG_ENABLE_OBJC_ARC = YES;
				CLANG_ENABLE_OBJC_WEAK = YES;
				CLANG_WARN_BLOCK_CAPTURE_AUTORELEASING = YES;
				CLANG_WARN_BOOL_CONVERSION = YES;
				CLANG_WARN_COMMA = YES;
				CLANG_WARN_CONSTANT_CONVERSION = YES;
				CLANG_WARN_DEPRECATED_OBJC_IMPLEMENTATIONS = YES;
				CLANG_WARN_DIRECT_OBJC_ISA_USAGE = YES_ERROR;
				CLANG_WARN_DOCUMENTATION_COMMENTS = YES;
				CLANG_WARN_EMPTY_BODY = YES;
				CLANG_WARN_ENUM_CONVERSION = YES;
				CLANG_WARN_INFINITE_RECURSION = YES;
				CLANG_WARN_INT_CONVERSION = YES;
				CLANG_WARN_NON_LITERAL_NULL_CONVERSION = YES;
				CLANG_WARN_OBJC_IMPLICIT_RETAIN_SELF = YES;
				CLANG_WARN_OBJC_LITERAL_CONVERSION = YES;
				CLANG_WARN_OBJC_ROOT_CLASS = YES_ERROR;
				CLANG_WARN_QUOTED_INCLUDE_IN_FRAMEWORK_HEADER = YES;
				CLANG_WARN_RANGE_LOOP_ANALYSIS = YES;
				CLANG_WARN_STRICT_PROTOTYPES = YES;
				CLANG_WARN_SUSPICIOUS_MOVE = YES;
				CLANG_WARN_UNGUARDED_AVAILABILITY = YES_AGGRESSIVE;
				CLANG_WARN_UNREACHABLE_CODE = YES;
				CLANG_WARN__DUPLICATE_METHOD_MATCH = YES;
				COPY_PHASE_STRIP = NO;
				CURRENT_PROJECT_VERSION = 1;
				DEBUG_INFORMATION_FORMAT = "dwarf-with-dsym";
				ENABLE_NS_ASSERTIONS = NO;
				ENABLE_STRICT_OBJC_MSGSEND = YES;
				GCC_C_LANGUAGE_STANDARD = gnu11;
				GCC_NO_COMMON_BLOCKS = YES;
				GCC_WARN_64_TO_32_BIT_CONVERSION = YES;
				GCC_WARN_ABOUT_RETURN_TYPE = YES_ERROR;
				GCC_WARN_UNDECLARED_SELECTOR = YES;
				GCC_WARN_UNINITIALIZED_AUTOS = YES_AGGRESSIVE;
				GCC_WARN_UNUSED_FUNCTION = YES;
				GCC_WARN_UNUSED_VARIABLE = YES;
				IPHONEOS_DEPLOYMENT_TARGET = 14.0;
				MTL_ENABLE_DEBUG_INFO = NO;
				MTL_FAST_MATH = YES;
				SDKROOT = iphoneos;
				SWIFT_COMPILATION_MODE = wholemodule;
				SWIFT_OPTIMIZATION_LEVEL = "-O";
				VALIDATE_PRODUCT = YES;
				VERSIONING_SYSTEM = "apple-generic";
				VERSION_INFO_PREFIX = "";
			};
			name = Release;
		};
		501A523C26F863E5001D954B /* Debug */ = {
			isa = XCBuildConfiguration;
			baseConfigurationReference = 18C47143D844D19C023C0A3D /* Pods-Core.debug.xcconfig */;
			buildSettings = {
				CLANG_ENABLE_MODULES = YES;
				CODE_SIGN_STYLE = Automatic;
				DEFINES_MODULE = YES;
				DYLIB_COMPATIBILITY_VERSION = 1;
				DYLIB_CURRENT_VERSION = 1;
				DYLIB_INSTALL_NAME_BASE = "@rpath";
				INFOPLIST_FILE = Core/Info.plist;
				INSTALL_PATH = "$(LOCAL_LIBRARY_DIR)/Frameworks";
				LD_RUNPATH_SEARCH_PATHS = (
					"$(inherited)",
					"@executable_path/Frameworks",
					"@loader_path/Frameworks",
				);
				PRODUCT_BUNDLE_IDENTIFIER = co.id.egiwibowo.Core;
				PRODUCT_NAME = "$(TARGET_NAME:c99extidentifier)";
				SKIP_INSTALL = YES;
				SWIFT_OPTIMIZATION_LEVEL = "-Onone";
				SWIFT_VERSION = 5.0;
				TARGETED_DEVICE_FAMILY = "1,2";
			};
			name = Debug;
		};
		501A523D26F863E5001D954B /* Release */ = {
			isa = XCBuildConfiguration;
			baseConfigurationReference = 4CA08D05BCDF0A001CFE5AB0 /* Pods-Core.release.xcconfig */;
			buildSettings = {
				CLANG_ENABLE_MODULES = YES;
				CODE_SIGN_STYLE = Automatic;
				DEFINES_MODULE = YES;
				DYLIB_COMPATIBILITY_VERSION = 1;
				DYLIB_CURRENT_VERSION = 1;
				DYLIB_INSTALL_NAME_BASE = "@rpath";
				INFOPLIST_FILE = Core/Info.plist;
				INSTALL_PATH = "$(LOCAL_LIBRARY_DIR)/Frameworks";
				LD_RUNPATH_SEARCH_PATHS = (
					"$(inherited)",
					"@executable_path/Frameworks",
					"@loader_path/Frameworks",
				);
				PRODUCT_BUNDLE_IDENTIFIER = co.id.egiwibowo.Core;
				PRODUCT_NAME = "$(TARGET_NAME:c99extidentifier)";
				SKIP_INSTALL = YES;
				SWIFT_VERSION = 5.0;
				TARGETED_DEVICE_FAMILY = "1,2";
			};
			name = Release;
		};
/* End XCBuildConfiguration section */

/* Begin XCConfigurationList section */
		501A522D26F863E5001D954B /* Build configuration list for PBXProject "Core" */ = {
			isa = XCConfigurationList;
			buildConfigurations = (
				501A523926F863E5001D954B /* Debug */,
				501A523A26F863E5001D954B /* Release */,
			);
			defaultConfigurationIsVisible = 0;
			defaultConfigurationName = Release;
		};
		501A523B26F863E5001D954B /* Build configuration list for PBXNativeTarget "Core" */ = {
			isa = XCConfigurationList;
			buildConfigurations = (
				501A523C26F863E5001D954B /* Debug */,
				501A523D26F863E5001D954B /* Release */,
			);
			defaultConfigurationIsVisible = 0;
			defaultConfigurationName = Release;
		};
/* End XCConfigurationList section */
	};
	rootObject = 501A522A26F863E5001D954B /* Project object */;
}
